
Microsoft Visual Studio Solution File, Format Version 12.00
# Visual Studio Version 16
VisualStudioVersion = 16.0.32106.194
MinimumVisualStudioVersion = 10.0.40219.1
Project("{FAE04EC0-301F-11D3-BF4B-00C04F79EFBC}") = "C-Sharp_Basic", "C-Sharp_Basic\C-Sharp_Basic.csproj", "{8270D557-F811-4E0C-B057-67AFFE2FF1E4}"
EndProject
Project("{FAE04EC0-301F-11D3-BF4B-00C04F79EFBC}") = "ArraysDemo", "ArraysDemo\ArraysDemo.csproj", "{FF8A8EE1-8AA1-4853-9DC7-70F255F7CF5B}"
EndProject
Project("{FAE04EC0-301F-11D3-BF4B-00C04F79EFBC}") = "LoopsDemo", "LoopsDemo\LoopsDemo.csproj", "{4E582263-97A7-4DDA-8183-C84B7565925E}"
EndProject
Project("{FAE04EC0-301F-11D3-BF4B-00C04F79EFBC}") = "DictionaryDemo", "DictionaryDemo\DictionaryDemo.csproj", "{A97A6E05-4652-47F4-B73B-A8C5A810FB0F}"
EndProject
Project("{FAE04EC0-301F-11D3-BF4B-00C04F79EFBC}") = "ListDemo", "ListDemo\ListDemo.csproj", "{FC6B132E-CD5A-4BCB-9418-028640469A53}"
EndProject
Project("{FAE04EC0-301F-11D3-BF4B-00C04F79EFBC}") = "StackDemo", "StackDemo\StackDemo.csproj", "{8649F302-D733-4114-858C-7AE93100298B}"
EndProject
Project("{FAE04EC0-301F-11D3-BF4B-00C04F79EFBC}") = "AbstractClassesDemo", "AbstractClassesDemo\AbstractClassesDemo.csproj", "{E66569EF-436E-4F0A-8C06-8EBD82C37E5E}"
EndProject
Project("{FAE04EC0-301F-11D3-BF4B-00C04F79EFBC}") = "InterfaceDemo", "InterfaceDemo\InterfaceDemo.csproj", "{BEAF778D-7E19-4ACC-9D60-E2B1A2876D6E}"
EndProject
Project("{FAE04EC0-301F-11D3-BF4B-00C04F79EFBC}") = "ClassDemo", "ClassDemo\ClassDemo.csproj", "{98DEC131-A9EF-489E-B766-5B6CE4E6834D}"
EndProject
Project("{FAE04EC0-301F-11D3-BF4B-00C04F79EFBC}") = "ExceptionDemo", "ExceptionDemo\ExceptionDemo.csproj", "{D7B3AAC8-1B13-45C0-800C-652D976A887E}"
EndProject
Project("{FAE04EC0-301F-11D3-BF4B-00C04F79EFBC}") = "CustomExceptionDemo", "CustomExceptionDemo\CustomExceptionDemo.csproj", "{C6006A90-F7B5-4825-AEA1-4AA2648C39ED}"
EndProject
Project("{FAE04EC0-301F-11D3-BF4B-00C04F79EFBC}") = "MethodOverRidingDemo", "MethodOverLoadingDemo\MethodOverRidingDemo.csproj", "{B5D67FBE-2ADE-4BFA-AB51-F97947553DD6}"
EndProject
Project("{FAE04EC0-301F-11D3-BF4B-00C04F79EFBC}") = "MethodOverLoading", "MethodOverLoading\MethodOverLoading.csproj", "{800B44F7-D8DF-4BB7-8CF8-E02343EAD06A}"
EndProject
Project("{FAE04EC0-301F-11D3-BF4B-00C04F79EFBC}") = "DelegatesDemo", "DelegatesDemo\DelegatesDemo.csproj", "{14E49ABD-10C5-445F-B16B-2D567A45A417}"
EndProject
Project("{FAE04EC0-301F-11D3-BF4B-00C04F79EFBC}") = "QueueDemo", "QueueDemo\QueueDemo.csproj", "{1EE0528F-F9E4-43AF-8D4B-2BAFB1818655}"
EndProject
Project("{FAE04EC0-301F-11D3-BF4B-00C04F79EFBC}") = "SortingComplexTypes", "SortingComplexTypes\SortingComplexTypes.csproj", "{5AA6B048-3DCC-4031-A81D-71BE001DAAC8}"
EndProject
Project("{FAE04EC0-301F-11D3-BF4B-00C04F79EFBC}") = "MethodHidingDemo", "MethodHidingDemo\MethodHidingDemo.csproj", "{28F319DE-6B57-40B1-889D-FE0B6509F998}"
EndProject
Project("{FAE04EC0-301F-11D3-BF4B-00C04F79EFBC}") = "InheritanceDemo", "InheritanceDemo\InheritanceDemo.csproj", "{BB9F14C8-D80D-45D5-8C75-B8C3673E6966}"
EndProject
Project("{FAE04EC0-301F-11D3-BF4B-00C04F79EFBC}") = "PartialClasses", "PartialClasses\PartialClasses.csproj", "{1E187616-CF9F-4FA5-9503-6D4D86960208}"
EndProject
Project("{FAE04EC0-301F-11D3-BF4B-00C04F79EFBC}") = "SortingUsingComparer", "SortingUsingComparer\SortingUsingComparer.csproj", "{2E83C316-B676-4F0E-8FE6-CEFFCC0035DF}"
EndProject
Project("{FAE04EC0-301F-11D3-BF4B-00C04F79EFBC}") = "NamespacesDemo", "NamespacesDemo\NamespacesDemo.csproj", "{865B36A2-1B5C-40C6-BA6A-42E2EC9029AB}"
EndProject
Project("{FAE04EC0-301F-11D3-BF4B-00C04F79EFBC}") = "StaticClassDemo", "StaticClassDemo\StaticClassDemo.csproj", "{D4E698E6-A66A-4EC9-8277-9B200CDC44CE}"
EndProject
Project("{FAE04EC0-301F-11D3-BF4B-00C04F79EFBC}") = "PublicAccessDemo", "PublicAccessDemo\PublicAccessDemo.csproj", "{911D2127-83BF-4E84-80DA-791AE8EB5ACA}"
EndProject
Project("{FAE04EC0-301F-11D3-BF4B-00C04F79EFBC}") = "PrivateAccessDemo", "PrivateAccessDemo\PrivateAccessDemo.csproj", "{9EB9C938-BB94-4054-BDDE-2F3CF0B1EA8A}"
EndProject
Project("{FAE04EC0-301F-11D3-BF4B-00C04F79EFBC}") = "ProtectedAccessDemo", "ProtectedAccessDemo\ProtectedAccessDemo.csproj", "{EC88776E-3D1F-48BC-90E3-4EEF65A1734E}"
EndProject
Project("{FAE04EC0-301F-11D3-BF4B-00C04F79EFBC}") = "InternalDemo", "InternalDemo\InternalDemo.csproj", "{A3622CF5-2241-4068-BB1A-5C976F6D56CA}"
EndProject
Project("{FAE04EC0-301F-11D3-BF4B-00C04F79EFBC}") = "InternalDemoAccess", "InternalDemo1\InternalDemoAccess.csproj", "{9467DC34-7E8A-40B8-8A6B-E343C7390953}"
EndProject
Project("{FAE04EC0-301F-11D3-BF4B-00C04F79EFBC}") = "ExplicitInterfaceImplementation", "ExplicitInterfaceImplementation\ExplicitInterfaceImplementation.csproj", "{C22B7BF6-1C4C-4AEC-BE66-34DCEC3DFEB0}"
EndProject
Project("{FAE04EC0-301F-11D3-BF4B-00C04F79EFBC}") = "Encapsulation", "Encapsulation\Encapsulation.csproj", "{2EE66741-95C0-4139-989E-20F2B98CE8AE}"
EndProject
Project("{FAE04EC0-301F-11D3-BF4B-00C04F79EFBC}") = "StringDemo", "StringDemo\StringDemo.csproj", "{A58CC166-DF9F-4BC4-8798-16AA3957A9A8}"
EndProject
Project("{FAE04EC0-301F-11D3-BF4B-00C04F79EFBC}") = "DateTimeDemo", "DateTimeDemo\DateTimeDemo.csproj", "{1C743D21-F450-48B5-8ABF-13644EC05B45}"
EndProject
Project("{FAE04EC0-301F-11D3-BF4B-00C04F79EFBC}") = "LinkedInClassDemo", "LinkedInClassDemo\LinkedInClassDemo.csproj", "{4B31944B-ED3B-4442-9EB0-27539A5C287A}"
EndProject
Project("{9A19103F-16F7-4668-BE54-9A1E7A4F7556}") = "SchoolFormsApp", "SchoolFormsApp\SchoolFormsApp.csproj", "{F31EB0ED-2592-4D44-8F6C-30BAB9EAE732}"
EndProject
Project("{FAE04EC0-301F-11D3-BF4B-00C04F79EFBC}") = "EssentialTraining", "EssentialTraining\EssentialTraining.csproj", "{40A0EFE2-3815-4E5E-8492-6649AB1A8919}"
EndProject
Project("{FAE04EC0-301F-11D3-BF4B-00C04F79EFBC}") = "EssentialTrainingTest", "EssentialTrainingTest\EssentialTrainingTest.csproj", "{3BB49AFE-4BDF-43BD-97A5-DB7D6468B2EC}"
EndProject
Project("{FAE04EC0-301F-11D3-BF4B-00C04F79EFBC}") = "EssentialTrainingApp", "EssentialTrainingApp\EssentialTrainingApp.csproj", "{965914B8-454E-4C27-831D-4E9639E01D8C}"
EndProject
Project("{FAE04EC0-301F-11D3-BF4B-00C04F79EFBC}") = "Iterator", "Iterator\Iterator.csproj", "{E036116B-693D-4341-8515-8642D998C4DD}"
EndProject
Project("{FAE04EC0-301F-11D3-BF4B-00C04F79EFBC}") = "Factory", "Factory\Factory.csproj", "{0B9B4628-86F2-4A29-8501-952D18814593}"
EndProject
Project("{FAE04EC0-301F-11D3-BF4B-00C04F79EFBC}") = "SalaryCalculatorTestProject", "SalaryCalculatorTestProject\SalaryCalculatorTestProject.csproj", "{955C7C69-8C7A-47D3-A4A4-20F36E304011}"
EndProject
Project("{FAE04EC0-301F-11D3-BF4B-00C04F79EFBC}") = "Calculator", "Calculator\Calculator.csproj", "{9D0C5D6D-7BF0-4CA2-B346-5BAC67B10F96}"
EndProject
Project("{FAE04EC0-301F-11D3-BF4B-00C04F79EFBC}") = "Polymorphism", "Polymorphism\Polymorphism.csproj", "{21E6677B-347A-4DB5-9CB5-CDB2EFB97153}"
EndProject
Project("{FAE04EC0-301F-11D3-BF4B-00C04F79EFBC}") = "PolymorphismTestProject", "PolymorphismTestProject\PolymorphismTestProject.csproj", "{F16C4724-CE96-4AAA-9856-9AD61A370AE7}"
EndProject
Global
	GlobalSection(SolutionConfigurationPlatforms) = preSolution
		Debug|Any CPU = Debug|Any CPU
		Release|Any CPU = Release|Any CPU
	EndGlobalSection
	GlobalSection(ProjectConfigurationPlatforms) = postSolution
		{8270D557-F811-4E0C-B057-67AFFE2FF1E4}.Debug|Any CPU.ActiveCfg = Debug|Any CPU
		{8270D557-F811-4E0C-B057-67AFFE2FF1E4}.Debug|Any CPU.Build.0 = Debug|Any CPU
		{8270D557-F811-4E0C-B057-67AFFE2FF1E4}.Release|Any CPU.ActiveCfg = Release|Any CPU
		{8270D557-F811-4E0C-B057-67AFFE2FF1E4}.Release|Any CPU.Build.0 = Release|Any CPU
		{FF8A8EE1-8AA1-4853-9DC7-70F255F7CF5B}.Debug|Any CPU.ActiveCfg = Debug|Any CPU
		{FF8A8EE1-8AA1-4853-9DC7-70F255F7CF5B}.Debug|Any CPU.Build.0 = Debug|Any CPU
		{FF8A8EE1-8AA1-4853-9DC7-70F255F7CF5B}.Release|Any CPU.ActiveCfg = Release|Any CPU
		{FF8A8EE1-8AA1-4853-9DC7-70F255F7CF5B}.Release|Any CPU.Build.0 = Release|Any CPU
		{4E582263-97A7-4DDA-8183-C84B7565925E}.Debug|Any CPU.ActiveCfg = Debug|Any CPU
		{4E582263-97A7-4DDA-8183-C84B7565925E}.Debug|Any CPU.Build.0 = Debug|Any CPU
		{4E582263-97A7-4DDA-8183-C84B7565925E}.Release|Any CPU.ActiveCfg = Release|Any CPU
		{4E582263-97A7-4DDA-8183-C84B7565925E}.Release|Any CPU.Build.0 = Release|Any CPU
		{A97A6E05-4652-47F4-B73B-A8C5A810FB0F}.Debug|Any CPU.ActiveCfg = Debug|Any CPU
		{A97A6E05-4652-47F4-B73B-A8C5A810FB0F}.Debug|Any CPU.Build.0 = Debug|Any CPU
		{A97A6E05-4652-47F4-B73B-A8C5A810FB0F}.Release|Any CPU.ActiveCfg = Release|Any CPU
		{A97A6E05-4652-47F4-B73B-A8C5A810FB0F}.Release|Any CPU.Build.0 = Release|Any CPU
		{FC6B132E-CD5A-4BCB-9418-028640469A53}.Debug|Any CPU.ActiveCfg = Debug|Any CPU
		{FC6B132E-CD5A-4BCB-9418-028640469A53}.Debug|Any CPU.Build.0 = Debug|Any CPU
		{FC6B132E-CD5A-4BCB-9418-028640469A53}.Release|Any CPU.ActiveCfg = Release|Any CPU
		{FC6B132E-CD5A-4BCB-9418-028640469A53}.Release|Any CPU.Build.0 = Release|Any CPU
		{8649F302-D733-4114-858C-7AE93100298B}.Debug|Any CPU.ActiveCfg = Debug|Any CPU
		{8649F302-D733-4114-858C-7AE93100298B}.Debug|Any CPU.Build.0 = Debug|Any CPU
		{8649F302-D733-4114-858C-7AE93100298B}.Release|Any CPU.ActiveCfg = Release|Any CPU
		{8649F302-D733-4114-858C-7AE93100298B}.Release|Any CPU.Build.0 = Release|Any CPU
		{E66569EF-436E-4F0A-8C06-8EBD82C37E5E}.Debug|Any CPU.ActiveCfg = Debug|Any CPU
		{E66569EF-436E-4F0A-8C06-8EBD82C37E5E}.Debug|Any CPU.Build.0 = Debug|Any CPU
		{E66569EF-436E-4F0A-8C06-8EBD82C37E5E}.Release|Any CPU.ActiveCfg = Release|Any CPU
		{E66569EF-436E-4F0A-8C06-8EBD82C37E5E}.Release|Any CPU.Build.0 = Release|Any CPU
		{BEAF778D-7E19-4ACC-9D60-E2B1A2876D6E}.Debug|Any CPU.ActiveCfg = Debug|Any CPU
		{BEAF778D-7E19-4ACC-9D60-E2B1A2876D6E}.Debug|Any CPU.Build.0 = Debug|Any CPU
		{BEAF778D-7E19-4ACC-9D60-E2B1A2876D6E}.Release|Any CPU.ActiveCfg = Release|Any CPU
		{BEAF778D-7E19-4ACC-9D60-E2B1A2876D6E}.Release|Any CPU.Build.0 = Release|Any CPU
		{98DEC131-A9EF-489E-B766-5B6CE4E6834D}.Debug|Any CPU.ActiveCfg = Debug|Any CPU
		{98DEC131-A9EF-489E-B766-5B6CE4E6834D}.Debug|Any CPU.Build.0 = Debug|Any CPU
		{98DEC131-A9EF-489E-B766-5B6CE4E6834D}.Release|Any CPU.ActiveCfg = Release|Any CPU
		{98DEC131-A9EF-489E-B766-5B6CE4E6834D}.Release|Any CPU.Build.0 = Release|Any CPU
		{D7B3AAC8-1B13-45C0-800C-652D976A887E}.Debug|Any CPU.ActiveCfg = Debug|Any CPU
		{D7B3AAC8-1B13-45C0-800C-652D976A887E}.Debug|Any CPU.Build.0 = Debug|Any CPU
		{D7B3AAC8-1B13-45C0-800C-652D976A887E}.Release|Any CPU.ActiveCfg = Release|Any CPU
		{D7B3AAC8-1B13-45C0-800C-652D976A887E}.Release|Any CPU.Build.0 = Release|Any CPU
		{C6006A90-F7B5-4825-AEA1-4AA2648C39ED}.Debug|Any CPU.ActiveCfg = Debug|Any CPU
		{C6006A90-F7B5-4825-AEA1-4AA2648C39ED}.Debug|Any CPU.Build.0 = Debug|Any CPU
		{C6006A90-F7B5-4825-AEA1-4AA2648C39ED}.Release|Any CPU.ActiveCfg = Release|Any CPU
		{C6006A90-F7B5-4825-AEA1-4AA2648C39ED}.Release|Any CPU.Build.0 = Release|Any CPU
		{B5D67FBE-2ADE-4BFA-AB51-F97947553DD6}.Debug|Any CPU.ActiveCfg = Debug|Any CPU
		{B5D67FBE-2ADE-4BFA-AB51-F97947553DD6}.Debug|Any CPU.Build.0 = Debug|Any CPU
		{B5D67FBE-2ADE-4BFA-AB51-F97947553DD6}.Release|Any CPU.ActiveCfg = Release|Any CPU
		{B5D67FBE-2ADE-4BFA-AB51-F97947553DD6}.Release|Any CPU.Build.0 = Release|Any CPU
		{800B44F7-D8DF-4BB7-8CF8-E02343EAD06A}.Debug|Any CPU.ActiveCfg = Debug|Any CPU
		{800B44F7-D8DF-4BB7-8CF8-E02343EAD06A}.Debug|Any CPU.Build.0 = Debug|Any CPU
		{800B44F7-D8DF-4BB7-8CF8-E02343EAD06A}.Release|Any CPU.ActiveCfg = Release|Any CPU
		{800B44F7-D8DF-4BB7-8CF8-E02343EAD06A}.Release|Any CPU.Build.0 = Release|Any CPU
		{14E49ABD-10C5-445F-B16B-2D567A45A417}.Debug|Any CPU.ActiveCfg = Debug|Any CPU
		{14E49ABD-10C5-445F-B16B-2D567A45A417}.Debug|Any CPU.Build.0 = Debug|Any CPU
		{14E49ABD-10C5-445F-B16B-2D567A45A417}.Release|Any CPU.ActiveCfg = Release|Any CPU
		{14E49ABD-10C5-445F-B16B-2D567A45A417}.Release|Any CPU.Build.0 = Release|Any CPU
		{1EE0528F-F9E4-43AF-8D4B-2BAFB1818655}.Debug|Any CPU.ActiveCfg = Debug|Any CPU
		{1EE0528F-F9E4-43AF-8D4B-2BAFB1818655}.Debug|Any CPU.Build.0 = Debug|Any CPU
		{1EE0528F-F9E4-43AF-8D4B-2BAFB1818655}.Release|Any CPU.ActiveCfg = Release|Any CPU
		{1EE0528F-F9E4-43AF-8D4B-2BAFB1818655}.Release|Any CPU.Build.0 = Release|Any CPU
		{5AA6B048-3DCC-4031-A81D-71BE001DAAC8}.Debug|Any CPU.ActiveCfg = Debug|Any CPU
		{5AA6B048-3DCC-4031-A81D-71BE001DAAC8}.Debug|Any CPU.Build.0 = Debug|Any CPU
		{5AA6B048-3DCC-4031-A81D-71BE001DAAC8}.Release|Any CPU.ActiveCfg = Release|Any CPU
		{5AA6B048-3DCC-4031-A81D-71BE001DAAC8}.Release|Any CPU.Build.0 = Release|Any CPU
		{28F319DE-6B57-40B1-889D-FE0B6509F998}.Debug|Any CPU.ActiveCfg = Debug|Any CPU
		{28F319DE-6B57-40B1-889D-FE0B6509F998}.Debug|Any CPU.Build.0 = Debug|Any CPU
		{28F319DE-6B57-40B1-889D-FE0B6509F998}.Release|Any CPU.ActiveCfg = Release|Any CPU
		{28F319DE-6B57-40B1-889D-FE0B6509F998}.Release|Any CPU.Build.0 = Release|Any CPU
		{BB9F14C8-D80D-45D5-8C75-B8C3673E6966}.Debug|Any CPU.ActiveCfg = Debug|Any CPU
		{BB9F14C8-D80D-45D5-8C75-B8C3673E6966}.Debug|Any CPU.Build.0 = Debug|Any CPU
		{BB9F14C8-D80D-45D5-8C75-B8C3673E6966}.Release|Any CPU.ActiveCfg = Release|Any CPU
		{BB9F14C8-D80D-45D5-8C75-B8C3673E6966}.Release|Any CPU.Build.0 = Release|Any CPU
		{1E187616-CF9F-4FA5-9503-6D4D86960208}.Debug|Any CPU.ActiveCfg = Debug|Any CPU
		{1E187616-CF9F-4FA5-9503-6D4D86960208}.Debug|Any CPU.Build.0 = Debug|Any CPU
		{1E187616-CF9F-4FA5-9503-6D4D86960208}.Release|Any CPU.ActiveCfg = Release|Any CPU
		{1E187616-CF9F-4FA5-9503-6D4D86960208}.Release|Any CPU.Build.0 = Release|Any CPU
		{2E83C316-B676-4F0E-8FE6-CEFFCC0035DF}.Debug|Any CPU.ActiveCfg = Debug|Any CPU
		{2E83C316-B676-4F0E-8FE6-CEFFCC0035DF}.Debug|Any CPU.Build.0 = Debug|Any CPU
		{2E83C316-B676-4F0E-8FE6-CEFFCC0035DF}.Release|Any CPU.ActiveCfg = Release|Any CPU
		{2E83C316-B676-4F0E-8FE6-CEFFCC0035DF}.Release|Any CPU.Build.0 = Release|Any CPU
		{865B36A2-1B5C-40C6-BA6A-42E2EC9029AB}.Debug|Any CPU.ActiveCfg = Debug|Any CPU
		{865B36A2-1B5C-40C6-BA6A-42E2EC9029AB}.Debug|Any CPU.Build.0 = Debug|Any CPU
		{865B36A2-1B5C-40C6-BA6A-42E2EC9029AB}.Release|Any CPU.ActiveCfg = Release|Any CPU
		{865B36A2-1B5C-40C6-BA6A-42E2EC9029AB}.Release|Any CPU.Build.0 = Release|Any CPU
		{D4E698E6-A66A-4EC9-8277-9B200CDC44CE}.Debug|Any CPU.ActiveCfg = Debug|Any CPU
		{D4E698E6-A66A-4EC9-8277-9B200CDC44CE}.Debug|Any CPU.Build.0 = Debug|Any CPU
		{D4E698E6-A66A-4EC9-8277-9B200CDC44CE}.Release|Any CPU.ActiveCfg = Release|Any CPU
		{D4E698E6-A66A-4EC9-8277-9B200CDC44CE}.Release|Any CPU.Build.0 = Release|Any CPU
		{911D2127-83BF-4E84-80DA-791AE8EB5ACA}.Debug|Any CPU.ActiveCfg = Debug|Any CPU
		{911D2127-83BF-4E84-80DA-791AE8EB5ACA}.Debug|Any CPU.Build.0 = Debug|Any CPU
		{911D2127-83BF-4E84-80DA-791AE8EB5ACA}.Release|Any CPU.ActiveCfg = Release|Any CPU
		{911D2127-83BF-4E84-80DA-791AE8EB5ACA}.Release|Any CPU.Build.0 = Release|Any CPU
		{9EB9C938-BB94-4054-BDDE-2F3CF0B1EA8A}.Debug|Any CPU.ActiveCfg = Debug|Any CPU
		{9EB9C938-BB94-4054-BDDE-2F3CF0B1EA8A}.Debug|Any CPU.Build.0 = Debug|Any CPU
		{9EB9C938-BB94-4054-BDDE-2F3CF0B1EA8A}.Release|Any CPU.ActiveCfg = Release|Any CPU
		{9EB9C938-BB94-4054-BDDE-2F3CF0B1EA8A}.Release|Any CPU.Build.0 = Release|Any CPU
		{EC88776E-3D1F-48BC-90E3-4EEF65A1734E}.Debug|Any CPU.ActiveCfg = Debug|Any CPU
		{EC88776E-3D1F-48BC-90E3-4EEF65A1734E}.Debug|Any CPU.Build.0 = Debug|Any CPU
		{EC88776E-3D1F-48BC-90E3-4EEF65A1734E}.Release|Any CPU.ActiveCfg = Release|Any CPU
		{EC88776E-3D1F-48BC-90E3-4EEF65A1734E}.Release|Any CPU.Build.0 = Release|Any CPU
		{A3622CF5-2241-4068-BB1A-5C976F6D56CA}.Debug|Any CPU.ActiveCfg = Debug|Any CPU
		{A3622CF5-2241-4068-BB1A-5C976F6D56CA}.Debug|Any CPU.Build.0 = Debug|Any CPU
		{A3622CF5-2241-4068-BB1A-5C976F6D56CA}.Release|Any CPU.ActiveCfg = Release|Any CPU
		{A3622CF5-2241-4068-BB1A-5C976F6D56CA}.Release|Any CPU.Build.0 = Release|Any CPU
		{9467DC34-7E8A-40B8-8A6B-E343C7390953}.Debug|Any CPU.ActiveCfg = Debug|Any CPU
		{9467DC34-7E8A-40B8-8A6B-E343C7390953}.Debug|Any CPU.Build.0 = Debug|Any CPU
		{9467DC34-7E8A-40B8-8A6B-E343C7390953}.Release|Any CPU.ActiveCfg = Release|Any CPU
		{9467DC34-7E8A-40B8-8A6B-E343C7390953}.Release|Any CPU.Build.0 = Release|Any CPU
		{C22B7BF6-1C4C-4AEC-BE66-34DCEC3DFEB0}.Debug|Any CPU.ActiveCfg = Debug|Any CPU
		{C22B7BF6-1C4C-4AEC-BE66-34DCEC3DFEB0}.Debug|Any CPU.Build.0 = Debug|Any CPU
		{C22B7BF6-1C4C-4AEC-BE66-34DCEC3DFEB0}.Release|Any CPU.ActiveCfg = Release|Any CPU
		{C22B7BF6-1C4C-4AEC-BE66-34DCEC3DFEB0}.Release|Any CPU.Build.0 = Release|Any CPU
		{2EE66741-95C0-4139-989E-20F2B98CE8AE}.Debug|Any CPU.ActiveCfg = Debug|Any CPU
		{2EE66741-95C0-4139-989E-20F2B98CE8AE}.Debug|Any CPU.Build.0 = Debug|Any CPU
		{2EE66741-95C0-4139-989E-20F2B98CE8AE}.Release|Any CPU.ActiveCfg = Release|Any CPU
		{2EE66741-95C0-4139-989E-20F2B98CE8AE}.Release|Any CPU.Build.0 = Release|Any CPU
		{A58CC166-DF9F-4BC4-8798-16AA3957A9A8}.Debug|Any CPU.ActiveCfg = Debug|Any CPU
		{A58CC166-DF9F-4BC4-8798-16AA3957A9A8}.Debug|Any CPU.Build.0 = Debug|Any CPU
		{A58CC166-DF9F-4BC4-8798-16AA3957A9A8}.Release|Any CPU.ActiveCfg = Release|Any CPU
		{A58CC166-DF9F-4BC4-8798-16AA3957A9A8}.Release|Any CPU.Build.0 = Release|Any CPU
		{1C743D21-F450-48B5-8ABF-13644EC05B45}.Debug|Any CPU.ActiveCfg = Debug|Any CPU
		{1C743D21-F450-48B5-8ABF-13644EC05B45}.Debug|Any CPU.Build.0 = Debug|Any CPU
		{1C743D21-F450-48B5-8ABF-13644EC05B45}.Release|Any CPU.ActiveCfg = Release|Any CPU
		{1C743D21-F450-48B5-8ABF-13644EC05B45}.Release|Any CPU.Build.0 = Release|Any CPU
		{4B31944B-ED3B-4442-9EB0-27539A5C287A}.Debug|Any CPU.ActiveCfg = Debug|Any CPU
		{4B31944B-ED3B-4442-9EB0-27539A5C287A}.Debug|Any CPU.Build.0 = Debug|Any CPU
		{4B31944B-ED3B-4442-9EB0-27539A5C287A}.Release|Any CPU.ActiveCfg = Release|Any CPU
		{4B31944B-ED3B-4442-9EB0-27539A5C287A}.Release|Any CPU.Build.0 = Release|Any CPU
		{F31EB0ED-2592-4D44-8F6C-30BAB9EAE732}.Debug|Any CPU.ActiveCfg = Debug|Any CPU
		{F31EB0ED-2592-4D44-8F6C-30BAB9EAE732}.Debug|Any CPU.Build.0 = Debug|Any CPU
		{F31EB0ED-2592-4D44-8F6C-30BAB9EAE732}.Release|Any CPU.ActiveCfg = Release|Any CPU
		{F31EB0ED-2592-4D44-8F6C-30BAB9EAE732}.Release|Any CPU.Build.0 = Release|Any CPU
		{40A0EFE2-3815-4E5E-8492-6649AB1A8919}.Debug|Any CPU.ActiveCfg = Debug|Any CPU
		{40A0EFE2-3815-4E5E-8492-6649AB1A8919}.Debug|Any CPU.Build.0 = Debug|Any CPU
		{40A0EFE2-3815-4E5E-8492-6649AB1A8919}.Release|Any CPU.ActiveCfg = Release|Any CPU
		{40A0EFE2-3815-4E5E-8492-6649AB1A8919}.Release|Any CPU.Build.0 = Release|Any CPU
		{3BB49AFE-4BDF-43BD-97A5-DB7D6468B2EC}.Debug|Any CPU.ActiveCfg = Debug|Any CPU
		{3BB49AFE-4BDF-43BD-97A5-DB7D6468B2EC}.Debug|Any CPU.Build.0 = Debug|Any CPU
		{3BB49AFE-4BDF-43BD-97A5-DB7D6468B2EC}.Release|Any CPU.ActiveCfg = Release|Any CPU
		{3BB49AFE-4BDF-43BD-97A5-DB7D6468B2EC}.Release|Any CPU.Build.0 = Release|Any CPU
		{965914B8-454E-4C27-831D-4E9639E01D8C}.Debug|Any CPU.ActiveCfg = Debug|Any CPU
		{965914B8-454E-4C27-831D-4E9639E01D8C}.Debug|Any CPU.Build.0 = Debug|Any CPU
		{965914B8-454E-4C27-831D-4E9639E01D8C}.Release|Any CPU.ActiveCfg = Release|Any CPU
		{965914B8-454E-4C27-831D-4E9639E01D8C}.Release|Any CPU.Build.0 = Release|Any CPU
		{E036116B-693D-4341-8515-8642D998C4DD}.Debug|Any CPU.ActiveCfg = Debug|Any CPU
		{E036116B-693D-4341-8515-8642D998C4DD}.Debug|Any CPU.Build.0 = Debug|Any CPU
		{E036116B-693D-4341-8515-8642D998C4DD}.Release|Any CPU.ActiveCfg = Release|Any CPU
		{E036116B-693D-4341-8515-8642D998C4DD}.Release|Any CPU.Build.0 = Release|Any CPU
		{0B9B4628-86F2-4A29-8501-952D18814593}.Debug|Any CPU.ActiveCfg = Debug|Any CPU
		{0B9B4628-86F2-4A29-8501-952D18814593}.Debug|Any CPU.Build.0 = Debug|Any CPU
		{0B9B4628-86F2-4A29-8501-952D18814593}.Release|Any CPU.ActiveCfg = Release|Any CPU
		{0B9B4628-86F2-4A29-8501-952D18814593}.Release|Any CPU.Build.0 = Release|Any CPU
		{955C7C69-8C7A-47D3-A4A4-20F36E304011}.Debug|Any CPU.ActiveCfg = Debug|Any CPU
		{955C7C69-8C7A-47D3-A4A4-20F36E304011}.Debug|Any CPU.Build.0 = Debug|Any CPU
		{955C7C69-8C7A-47D3-A4A4-20F36E304011}.Release|Any CPU.ActiveCfg = Release|Any CPU
		{955C7C69-8C7A-47D3-A4A4-20F36E304011}.Release|Any CPU.Build.0 = Release|Any CPU
		{9D0C5D6D-7BF0-4CA2-B346-5BAC67B10F96}.Debug|Any CPU.ActiveCfg = Debug|Any CPU
		{9D0C5D6D-7BF0-4CA2-B346-5BAC67B10F96}.Debug|Any CPU.Build.0 = Debug|Any CPU
		{9D0C5D6D-7BF0-4CA2-B346-5BAC67B10F96}.Release|Any CPU.ActiveCfg = Release|Any CPU
		{9D0C5D6D-7BF0-4CA2-B346-5BAC67B10F96}.Release|Any CPU.Build.0 = Release|Any CPU
		{21E6677B-347A-4DB5-9CB5-CDB2EFB97153}.Debug|Any CPU.ActiveCfg = Debug|Any CPU
		{21E6677B-347A-4DB5-9CB5-CDB2EFB97153}.Debug|Any CPU.Build.0 = Debug|Any CPU
		{21E6677B-347A-4DB5-9CB5-CDB2EFB97153}.Release|Any CPU.ActiveCfg = Release|Any CPU
		{21E6677B-347A-4DB5-9CB5-CDB2EFB97153}.Release|Any CPU.Build.0 = Release|Any CPU
		{F16C4724-CE96-4AAA-9856-9AD61A370AE7}.Debug|Any CPU.ActiveCfg = Debug|Any CPU
		{F16C4724-CE96-4AAA-9856-9AD61A370AE7}.Debug|Any CPU.Build.0 = Debug|Any CPU
		{F16C4724-CE96-4AAA-9856-9AD61A370AE7}.Release|Any CPU.ActiveCfg = Release|Any CPU
		{F16C4724-CE96-4AAA-9856-9AD61A370AE7}.Release|Any CPU.Build.0 = Release|Any CPU
	EndGlobalSection
	GlobalSection(SolutionProperties) = preSolution
		HideSolutionNode = FALSE
	EndGlobalSection
	GlobalSection(ExtensibilityGlobals) = postSolution
		SolutionGuid = {BF703382-65F3-4574-B85B-A500645BF0F7}
	EndGlobalSection
EndGlobal
